
Microsoft Visual Studio Solution File, Format Version 12.00
# Visual Studio 2012
Project("{FAE04EC0-301F-11D3-BF4B-00C04F79EFBC}") = "OnlineShop4", "OnlineShop4\OnlineShop4.csproj", "{59066A24-D52E-42A6-B377-004A4119C96B}"
EndProject
Global
	GlobalSection(SolutionConfigurationPlatforms) = preSolution
		Debug|Any CPU = Debug|Any CPU
		Release|Any CPU = Release|Any CPU
	EndGlobalSection
	GlobalSection(ProjectConfigurationPlatforms) = postSolution
		{59066A24-D52E-42A6-B377-004A4119C96B}.Debug|Any CPU.ActiveCfg = Debug|Any CPU
		{59066A24-D52E-42A6-B377-004A4119C96B}.Debug|Any CPU.Build.0 = Debug|Any CPU
		{59066A24-D52E-42A6-B377-004A4119C96B}.Release|Any CPU.ActiveCfg = Release|Any CPU
		{59066A24-D52E-42A6-B377-004A4119C96B}.Release|Any CPU.Build.0 = Release|Any CPU
	EndGlobalSection
	GlobalSection(SolutionProperties) = preSolution
		HideSolutionNode = FALSE
	EndGlobalSection
EndGlobal
